// !$*UTF8*$!
{
	archiveVersion = 1;
	classes = {
	};
	objectVersion = 50;
	objects = {

/* Begin PBXBuildFile section */
		3F9F0513216690F700A60063 /* AppDelegate.swift in Sources */ = {isa = PBXBuildFile; fileRef = 3F9F0512216690F700A60063 /* AppDelegate.swift */; };
		3F9F0518216690F700A60063 /* Main.storyboard in Resources */ = {isa = PBXBuildFile; fileRef = 3F9F0516216690F700A60063 /* Main.storyboard */; };
		3F9F051A216690F900A60063 /* Assets.xcassets in Resources */ = {isa = PBXBuildFile; fileRef = 3F9F0519216690F900A60063 /* Assets.xcassets */; };
		3F9F051D216690F900A60063 /* LaunchScreen.storyboard in Resources */ = {isa = PBXBuildFile; fileRef = 3F9F051B216690F900A60063 /* LaunchScreen.storyboard */; };
		3F9F05292166922400A60063 /* RookCardViewController.swift in Sources */ = {isa = PBXBuildFile; fileRef = 3F9F05282166922400A60063 /* RookCardViewController.swift */; };
		3F9F052B2166926500A60063 /* RookCard.swift in Sources */ = {isa = PBXBuildFile; fileRef = 3F9F052A2166926500A60063 /* RookCard.swift */; };
		3F9F052D216692E900A60063 /* RookDeck.swift in Sources */ = {isa = PBXBuildFile; fileRef = 3F9F052C216692E900A60063 /* RookDeck.swift */; };
		3F9F052F216693B600A60063 /* RookCardView.swift in Sources */ = {isa = PBXBuildFile; fileRef = 3F9F052E216693B600A60063 /* RookCardView.swift */; };
		3F9F05312166C0CF00A60063 /* UIColor+rgb.swift in Sources */ = {isa = PBXBuildFile; fileRef = 3F9F05302166C0CF00A60063 /* UIColor+rgb.swift */; };
/* End PBXBuildFile section */

/* Begin PBXFileReference section */
		3F9F050F216690F700A60063 /* Rook Card Demo.app */ = {isa = PBXFileReference; explicitFileType = wrapper.application; includeInIndex = 0; path = "Rook Card Demo.app"; sourceTree = BUILT_PRODUCTS_DIR; };
		3F9F0512216690F700A60063 /* AppDelegate.swift */ = {isa = PBXFileReference; lastKnownFileType = sourcecode.swift; path = AppDelegate.swift; sourceTree = "<group>"; };
		3F9F0517216690F700A60063 /* Base */ = {isa = PBXFileReference; lastKnownFileType = file.storyboard; name = Base; path = Base.lproj/Main.storyboard; sourceTree = "<group>"; };
		3F9F0519216690F900A60063 /* Assets.xcassets */ = {isa = PBXFileReference; lastKnownFileType = folder.assetcatalog; path = Assets.xcassets; sourceTree = "<group>"; };
		3F9F051C216690F900A60063 /* Base */ = {isa = PBXFileReference; lastKnownFileType = file.storyboard; name = Base; path = Base.lproj/LaunchScreen.storyboard; sourceTree = "<group>"; };
		3F9F051E216690F900A60063 /* Info.plist */ = {isa = PBXFileReference; lastKnownFileType = text.plist.xml; path = Info.plist; sourceTree = "<group>"; };
		3F9F05282166922400A60063 /* RookCardViewController.swift */ = {isa = PBXFileReference; lastKnownFileType = sourcecode.swift; path = RookCardViewController.swift; sourceTree = "<group>"; };
		3F9F052A2166926500A60063 /* RookCard.swift */ = {isa = PBXFileReference; lastKnownFileType = sourcecode.swift; path = RookCard.swift; sourceTree = "<group>"; };
		3F9F052C216692E900A60063 /* RookDeck.swift */ = {isa = PBXFileReference; lastKnownFileType = sourcecode.swift; path = RookDeck.swift; sourceTree = "<group>"; };
		3F9F052E216693B600A60063 /* RookCardView.swift */ = {isa = PBXFileReference; lastKnownFileType = sourcecode.swift; path = RookCardView.swift; sourceTree = "<group>"; };
		3F9F05302166C0CF00A60063 /* UIColor+rgb.swift */ = {isa = PBXFileReference; lastKnownFileType = sourcecode.swift; path = "UIColor+rgb.swift"; sourceTree = "<group>"; };
/* End PBXFileReference section */

/* Begin PBXFrameworksBuildPhase section */
		3F9F050C216690F700A60063 /* Frameworks */ = {
			isa = PBXFrameworksBuildPhase;
			buildActionMask = 2147483647;
			files = (
			);
			runOnlyForDeploymentPostprocessing = 0;
		};
/* End PBXFrameworksBuildPhase section */

/* Begin PBXGroup section */
		3F9F0506216690F700A60063 = {
			isa = PBXGroup;
			children = (
				3F9F0511216690F700A60063 /* Rook Card Demo */,
				3F9F0510216690F700A60063 /* Products */,
			);
			sourceTree = "<group>";
		};
		3F9F0510216690F700A60063 /* Products */ = {
			isa = PBXGroup;
			children = (
				3F9F050F216690F700A60063 /* Rook Card Demo.app */,
			);
			name = Products;
			sourceTree = "<group>";
		};
		3F9F0511216690F700A60063 /* Rook Card Demo */ = {
			isa = PBXGroup;
			children = (
				3F9F05272166920700A60063 /* Model */,
				3F9F05262166920200A60063 /* View */,
				3F9F0525216691FA00A60063 /* Controller */,
				3F9F0524216691BE00A60063 /* Supporting Files */,
				3F9F0519216690F900A60063 /* Assets.xcassets */,
			);
			path = "Rook Card Demo";
			sourceTree = "<group>";
		};
		3F9F0524216691BE00A60063 /* Supporting Files */ = {
			isa = PBXGroup;
			children = (
				3F9F0512216690F700A60063 /* AppDelegate.swift */,
				3F9F051B216690F900A60063 /* LaunchScreen.storyboard */,
				3F9F051E216690F900A60063 /* Info.plist */,
			);
			name = "Supporting Files";
			sourceTree = "<group>";
		};
		3F9F0525216691FA00A60063 /* Controller */ = {
			isa = PBXGroup;
			children = (
				3F9F05282166922400A60063 /* RookCardViewController.swift */,
			);
			path = Controller;
			sourceTree = "<group>";
		};
		3F9F05262166920200A60063 /* View */ = {
			isa = PBXGroup;
			children = (
				3F9F0516216690F700A60063 /* Main.storyboard */,
				3F9F052E216693B600A60063 /* RookCardView.swift */,
				3F9F05302166C0CF00A60063 /* UIColor+rgb.swift */,
			);
			path = View;
			sourceTree = "<group>";
		};
		3F9F05272166920700A60063 /* Model */ = {
			isa = PBXGroup;
			children = (
				3F9F052A2166926500A60063 /* RookCard.swift */,
				3F9F052C216692E900A60063 /* RookDeck.swift */,
			);
			path = Model;
			sourceTree = "<group>";
		};
/* End PBXGroup section */

/* Begin PBXNativeTarget section */
		3F9F050E216690F700A60063 /* Rook Card Demo */ = {
			isa = PBXNativeTarget;
			buildConfigurationList = 3F9F0521216690F900A60063 /* Build configuration list for PBXNativeTarget "Rook Card Demo" */;
			buildPhases = (
				3F9F050B216690F700A60063 /* Sources */,
				3F9F050C216690F700A60063 /* Frameworks */,
				3F9F050D216690F700A60063 /* Resources */,
			);
			buildRules = (
			);
			dependencies = (
			);
			name = "Rook Card Demo";
			productName = "Rook Card Demo";
			productReference = 3F9F050F216690F700A60063 /* Rook Card Demo.app */;
			productType = "com.apple.product-type.application";
		};
/* End PBXNativeTarget section */

/* Begin PBXProject section */
		3F9F0507216690F700A60063 /* Project object */ = {
			isa = PBXProject;
			attributes = {
				LastSwiftUpdateCheck = 1000;
				LastUpgradeCheck = 1000;
				ORGANIZATIONNAME = "IS 543";
				TargetAttributes = {
					3F9F050E216690F700A60063 = {
						CreatedOnToolsVersion = 10.0;
					};
				};
			};
			buildConfigurationList = 3F9F050A216690F700A60063 /* Build configuration list for PBXProject "Rook Card Demo" */;
			compatibilityVersion = "Xcode 9.3";
			developmentRegion = en;
			hasScannedForEncodings = 0;
			knownRegions = (
				en,
				Base,
			);
			mainGroup = 3F9F0506216690F700A60063;
			productRefGroup = 3F9F0510216690F700A60063 /* Products */;
			projectDirPath = "";
			projectRoot = "";
			targets = (
				3F9F050E216690F700A60063 /* Rook Card Demo */,
			);
		};
/* End PBXProject section */

/* Begin PBXResourcesBuildPhase section */
		3F9F050D216690F700A60063 /* Resources */ = {
			isa = PBXResourcesBuildPhase;
			buildActionMask = 2147483647;
			files = (
				3F9F051D216690F900A60063 /* LaunchScreen.storyboard in Resources */,
				3F9F051A216690F900A60063 /* Assets.xcassets in Resources */,
				3F9F0518216690F700A60063 /* Main.storyboard in Resources */,
			);
			runOnlyForDeploymentPostprocessing = 0;
		};
/* End PBXResourcesBuildPhase section */

/* Begin PBXSourcesBuildPhase section */
		3F9F050B216690F700A60063 /* Sources */ = {
			isa = PBXSourcesBuildPhase;
			buildActionMask = 2147483647;
			files = (
				3F9F0513216690F700A60063 /* AppDelegate.swift in Sources */,
				3F9F052B2166926500A60063 /* RookCard.swift in Sources */,
				3F9F05292166922400A60063 /* RookCardViewController.swift in Sources */,
				3F9F05312166C0CF00A60063 /* UIColor+rgb.swift in Sources */,
				3F9F052F216693B600A60063 /* RookCardView.swift in Sources */,
				3F9F052D216692E900A60063 /* RookDeck.swift in Sources */,
			);
			runOnlyForDeploymentPostprocessing = 0;
		};
/* End PBXSourcesBuildPhase section */

/* Begin PBXVariantGroup section */
		3F9F0516216690F700A60063 /* Main.storyboard */ = {
			isa = PBXVariantGroup;
			children = (
				3F9F0517216690F700A60063 /* Base */,
			);
			name = Main.storyboard;
			sourceTree = "<group>";
		};
		3F9F051B216690F900A60063 /* LaunchScreen.storyboard */ = {
			isa = PBXVariantGroup;
			children = (
				3F9F051C216690F900A60063 /* Base */,
			);
			name = LaunchScreen.storyboard;
			sourceTree = "<group>";
		};
/* End PBXVariantGroup section */

/* Begin XCBuildConfiguration section */
		3F9F051F216690F900A60063 /* Debug */ = {
			isa = XCBuildConfiguration;
			buildSettings = {
				ALWAYS_SEARCH_USER_PATHS = NO;
				CLANG_ANALYZER_NONNULL = YES;
				CLANG_ANALYZER_NUMBER_OBJECT_CONVERSION = YES_AGGRESSIVE;
				CLANG_CXX_LANGUAGE_STANDARD = "gnu++14";
				CLANG_CXX_LIBRARY = "libc++";
				CLANG_ENABLE_MODULES = YES;
				CLANG_ENABLE_OBJC_ARC = YES;
				CLANG_ENABLE_OBJC_WEAK = YES;
				CLANG_WARN_BLOCK_CAPTURE_AUTORELEASING = YES;
				CLANG_WARN_BOOL_CONVERSION = YES;
				CLANG_WARN_COMMA = YES;
				CLANG_WARN_CONSTANT_CONVERSION = YES;
				CLANG_WARN_DEPRECATED_OBJC_IMPLEMENTATIONS = YES;
				CLANG_WARN_DIRECT_OBJC_ISA_USAGE = YES_ERROR;
				CLANG_WARN_DOCUMENTATION_COMMENTS = YES;
				CLANG_WARN_EMPTY_BODY = YES;
				CLANG_WARN_ENUM_CONVERSION = YES;
				CLANG_WARN_INFINITE_RECURSION = YES;
				CLANG_WARN_INT_CONVERSION = YES;
				CLANG_WARN_NON_LITERAL_NULL_CONVERSION = YES;
				CLANG_WARN_OBJC_IMPLICIT_RETAIN_SELF = YES;
				CLANG_WARN_OBJC_LITERAL_CONVERSION = YES;
				CLANG_WARN_OBJC_ROOT_CLASS = YES_ERROR;
				CLANG_WARN_RANGE_LOOP_ANALYSIS = YES;
				CLANG_WARN_STRICT_PROTOTYPES = YES;
				CLANG_WARN_SUSPICIOUS_MOVE = YES;
				CLANG_WARN_UNGUARDED_AVAILABILITY = YES_AGGRESSIVE;
				CLANG_WARN_UNREACHABLE_CODE = YES;
				CLANG_WARN__DUPLICATE_METHOD_MATCH = YES;
				CODE_SIGN_IDENTITY = "iPhone Developer";
				COPY_PHASE_STRIP = NO;
				DEBUG_INFORMATION_FORMAT = dwarf;
				ENABLE_STRICT_OBJC_MSGSEND = YES;
				ENABLE_TESTABILITY = YES;
				GCC_C_LANGUAGE_STANDARD = gnu11;
				GCC_DYNAMIC_NO_PIC = NO;
				GCC_NO_COMMON_BLOCKS = YES;
				GCC_OPTIMIZATION_LEVEL = 0;
				GCC_PREPROCESSOR_DEFINITIONS = (
					"DEBUG=1",
					"$(inherited)",
				);
				GCC_WARN_64_TO_32_BIT_CONVERSION = YES;
				GCC_WARN_ABOUT_RETURN_TYPE = YES_ERROR;
				GCC_WARN_UNDECLARED_SELECTOR = YES;
				GCC_WARN_UNINITIALIZED_AUTOS = YES_AGGRESSIVE;
				GCC_WARN_UNUSED_FUNCTION = YES;
				GCC_WARN_UNUSED_VARIABLE = YES;
				IPHONEOS_DEPLOYMENT_TARGET = 12.0;
				MTL_ENABLE_DEBUG_INFO = INCLUDE_SOURCE;
				MTL_FAST_MATH = YES;
				ONLY_ACTIVE_ARCH = YES;
				SDKROOT = iphoneos;
				SWIFT_ACTIVE_COMPILATION_CONDITIONS = DEBUG;
				SWIFT_OPTIMIZATION_LEVEL = "-Onone";
			};
			name = Debug;
		};
		3F9F0520216690F900A60063 /* Release */ = {
			isa = XCBuildConfiguration;
			buildSettings = {
				ALWAYS_SEARCH_USER_PATHS = NO;
				CLANG_ANALYZER_NONNULL = YES;
				CLANG_ANALYZER_NUMBER_OBJECT_CONVERSION = YES_AGGRESSIVE;
				CLANG_CXX_LANGUAGE_STANDARD = "gnu++14";
				CLANG_CXX_LIBRARY = "libc++";
				CLANG_ENABLE_MODULES = YES;
				CLANG_ENABLE_OBJC_ARC = YES;
				CLANG_ENABLE_OBJC_WEAK = YES;
				CLANG_WARN_BLOCK_CAPTURE_AUTORELEASING = YES;
				CLANG_WARN_BOOL_CONVERSION = YES;
				CLANG_WARN_COMMA = YES;
				CLANG_WARN_CONSTANT_CONVERSION = YES;
				CLANG_WARN_DEPRECATED_OBJC_IMPLEMENTATIONS = YES;
				CLANG_WARN_DIRECT_OBJC_ISA_USAGE = YES_ERROR;
				CLANG_WARN_DOCUMENTATION_COMMENTS = YES;
				CLANG_WARN_EMPTY_BODY = YES;
				CLANG_WARN_ENUM_CONVERSION = YES;
				CLANG_WARN_INFINITE_RECURSION = YES;
				CLANG_WARN_INT_CONVERSION = YES;
				CLANG_WARN_NON_LITERAL_NULL_CONVERSION = YES;
				CLANG_WARN_OBJC_IMPLICIT_RETAIN_SELF = YES;
				CLANG_WARN_OBJC_LITERAL_CONVERSION = YES;
				CLANG_WARN_OBJC_ROOT_CLASS = YES_ERROR;
				CLANG_WARN_RANGE_LOOP_ANALYSIS = YES;
				CLANG_WARN_STRICT_PROTOTYPES = YES;
				CLANG_WARN_SUSPICIOUS_MOVE = YES;
				CLANG_WARN_UNGUARDED_AVAILABILITY = YES_AGGRESSIVE;
				CLANG_WARN_UNREACHABLE_CODE = YES;
				CLANG_WARN__DUPLICATE_METHOD_MATCH = YES;
				CODE_SIGN_IDENTITY = "iPhone Developer";
				COPY_PHASE_STRIP = NO;
				DEBUG_INFORMATION_FORMAT = "dwarf-with-dsym";
				ENABLE_NS_ASSERTIONS = NO;
				ENABLE_STRICT_OBJC_MSGSEND = YES;
				GCC_C_LANGUAGE_STANDARD = gnu11;
				GCC_NO_COMMON_BLOCKS = YES;
				GCC_WARN_64_TO_32_BIT_CONVERSION = YES;
				GCC_WARN_ABOUT_RETURN_TYPE = YES_ERROR;
				GCC_WARN_UNDECLARED_SELECTOR = YES;
				GCC_WARN_UNINITIALIZED_AUTOS = YES_AGGRESSIVE;
				GCC_WARN_UNUSED_FUNCTION = YES;
				GCC_WARN_UNUSED_VARIABLE = YES;
				IPHONEOS_DEPLOYMENT_TARGET = 12.0;
				MTL_ENABLE_DEBUG_INFO = NO;
				MTL_FAST_MATH = YES;
				SDKROOT = iphoneos;
				SWIFT_COMPILATION_MODE = wholemodule;
				SWIFT_OPTIMIZATION_LEVEL = "-O";
				VALIDATE_PRODUCT = YES;
			};
			name = Release;
		};
		3F9F0522216690F900A60063 /* Debug */ = {
			isa = XCBuildConfiguration;
			buildSettings = {
				ASSETCATALOG_COMPILER_APPICON_NAME = AppIcon;
				CODE_SIGN_STYLE = Automatic;
				DEVELOPMENT_TEAM = KFPSLPBU25;
				INFOPLIST_FILE = "Rook Card Demo/Info.plist";
				LD_RUNPATH_SEARCH_PATHS = (
					"$(inherited)",
					"@executable_path/Frameworks",
				);
				PRODUCT_BUNDLE_IDENTIFIER = "edu.byu.is543.Rook-Card-Demo";
				PRODUCT_NAME = "$(TARGET_NAME)";
				SWIFT_VERSION = 4.2;
				TARGETED_DEVICE_FAMILY = "1,2";
			};
			name = Debug;
		};
		3F9F0523216690F900A60063 /* Release */ = {
			isa = XCBuildConfiguration;
			buildSettings = {
				ASSETCATALOG_COMPILER_APPICON_NAME = AppIcon;
				CODE_SIGN_STYLE = Automatic;
				DEVELOPMENT_TEAM = KFPSLPBU25;
				INFOPLIST_FILE = "Rook Card Demo/Info.plist";
				LD_RUNPATH_SEARCH_PATHS = (
					"$(inherited)",
					"@executable_path/Frameworks",
				);
				PRODUCT_BUNDLE_IDENTIFIER = "edu.byu.is543.Rook-Card-Demo";
				PRODUCT_NAME = "$(TARGET_NAME)";
				SWIFT_VERSION = 4.2;
				TARGETED_DEVICE_FAMILY = "1,2";
			};
			name = Release;
		};
/* End XCBuildConfiguration section */

/* Begin XCConfigurationList section */
		3F9F050A216690F700A60063 /* Build configuration list for PBXProject "Rook Card Demo" */ = {
			isa = XCConfigurationList;
			buildConfigurations = (
				3F9F051F216690F900A60063 /* Debug */,
				3F9F0520216690F900A60063 /* Release */,
			);
			defaultConfigurationIsVisible = 0;
			defaultConfigurationName = Release;
		};
		3F9F0521216690F900A60063 /* Build configuration list for PBXNativeTarget "Rook Card Demo" */ = {
			isa = XCConfigurationList;
			buildConfigurations = (
				3F9F0522216690F900A60063 /* Debug */,
				3F9F0523216690F900A60063 /* Release */,
			);
			defaultConfigurationIsVisible = 0;
			defaultConfigurationName = Release;
		};
/* End XCConfigurationList section */
	};
	rootObject = 3F9F0507216690F700A60063 /* Project object */;
}
